
Microsoft Visual Studio Solution File, Format Version 12.00
# Visual Studio 14
VisualStudioVersion = 14.0.25123.0
MinimumVisualStudioVersion = 10.0.40219.1
Project("{FAE04EC0-301F-11D3-BF4B-00C04F79EFBC}") = "Quad", "Quad\Quad.csproj", "{8890A616-E5FD-4208-A9AF-806663E0EF14}"
EndProject
Project("{FAE04EC0-301F-11D3-BF4B-00C04F79EFBC}") = "QuardUnitTest", "QuardUnitTest\QuardUnitTest.csproj", "{54712AE8-3737-4AAC-9AB3-A998EA6E466E}"
EndProject
Global
	GlobalSection(SolutionConfigurationPlatforms) = preSolution
		Debug|Any CPU = Debug|Any CPU
		Release|Any CPU = Release|Any CPU
	EndGlobalSection
	GlobalSection(ProjectConfigurationPlatforms) = postSolution
		{8890A616-E5FD-4208-A9AF-806663E0EF14}.Debug|Any CPU.ActiveCfg = Debug|Any CPU
		{8890A616-E5FD-4208-A9AF-806663E0EF14}.Debug|Any CPU.Build.0 = Debug|Any CPU
		{8890A616-E5FD-4208-A9AF-806663E0EF14}.Release|Any CPU.ActiveCfg = Release|Any CPU
		{8890A616-E5FD-4208-A9AF-806663E0EF14}.Release|Any CPU.Build.0 = Release|Any CPU
		{54712AE8-3737-4AAC-9AB3-A998EA6E466E}.Debug|Any CPU.ActiveCfg = Debug|Any CPU
		{54712AE8-3737-4AAC-9AB3-A998EA6E466E}.Debug|Any CPU.Build.0 = Debug|Any CPU
		{54712AE8-3737-4AAC-9AB3-A998EA6E466E}.Release|Any CPU.ActiveCfg = Release|Any CPU
		{54712AE8-3737-4AAC-9AB3-A998EA6E466E}.Release|Any CPU.Build.0 = Release|Any CPU
	EndGlobalSection
	GlobalSection(SolutionProperties) = preSolution
		HideSolutionNode = FALSE
	EndGlobalSection
EndGlobal
